
Microsoft Visual Studio Solution File, Format Version 12.00
# Visual Studio 14
VisualStudioVersion = 14.0.25420.1
MinimumVisualStudioVersion = 10.0.40219.1
Project("{8BC9CEB8-8B4A-11D0-8D11-00A0C91BC942}") = "MyArray", "Project1\Project1.vcxproj", "{F41B410C-E00C-4A41-AA38-692D1BC53134}"
EndProject
Project("{8BC9CEB8-8B4A-11D0-8D11-00A0C91BC942}") = "Stack", "Stack\Stack.vcxproj", "{DAF10154-A461-4EA2-9B1B-93DEF0CB90AE}"
EndProject
Project("{8BC9CEB8-8B4A-11D0-8D11-00A0C91BC942}") = "Queue", "Queue\Queue.vcxproj", "{D89F944E-6005-42CF-9B27-1E6A1423FA6D}"
EndProject
Project("{8BC9CEB8-8B4A-11D0-8D11-00A0C91BC942}") = "LinkedList", "LinkedList\LinkedList.vcxproj", "{CC12646F-72A9-48D7-93EE-7A123F6DC69F}"
EndProject
Project("{8BC9CEB8-8B4A-11D0-8D11-00A0C91BC942}") = "BinarySearchTree", "BinarySearchTree\BinarySearchTree.vcxproj", "{67583652-F0C2-4E43-B0E4-4F761D1D7791}"
EndProject
Project("{8BC9CEB8-8B4A-11D0-8D11-00A0C91BC942}") = "set", "setBST\setBST.vcxproj", "{A7CE0AE0-9945-4122-AAE1-6D1F5C0D4EC9}"
EndProject
Project("{8BC9CEB8-8B4A-11D0-8D11-00A0C91BC942}") = "map", "map\map.vcxproj", "{39BFA5F5-39C3-4CF4-A138-9CD5304AC2B2}"
EndProject
Project("{8BC9CEB8-8B4A-11D0-8D11-00A0C91BC942}") = "Heap", "Heap\Heap.vcxproj", "{25D1983F-A5C6-4131-A3C2-8C280196F651}"
EndProject
Project("{8BC9CEB8-8B4A-11D0-8D11-00A0C91BC942}") = "PriorityHeap", "PriorityHeap\PriorityHeap.vcxproj", "{E60F188D-2108-4A22-8EE4-21E9FC448039}"
EndProject
Project("{8BC9CEB8-8B4A-11D0-8D11-00A0C91BC942}") = "segmentTree", "segmentTree\segmentTree.vcxproj", "{B0862B9A-1BAD-4ECE-A780-63F52E3CEC71}"
EndProject
Global
	GlobalSection(SolutionConfigurationPlatforms) = preSolution
		Debug|x64 = Debug|x64
		Debug|x86 = Debug|x86
		Release|x64 = Release|x64
		Release|x86 = Release|x86
	EndGlobalSection
	GlobalSection(ProjectConfigurationPlatforms) = postSolution
		{F41B410C-E00C-4A41-AA38-692D1BC53134}.Debug|x64.ActiveCfg = Debug|x64
		{F41B410C-E00C-4A41-AA38-692D1BC53134}.Debug|x64.Build.0 = Debug|x64
		{F41B410C-E00C-4A41-AA38-692D1BC53134}.Debug|x86.ActiveCfg = Debug|Win32
		{F41B410C-E00C-4A41-AA38-692D1BC53134}.Debug|x86.Build.0 = Debug|Win32
		{F41B410C-E00C-4A41-AA38-692D1BC53134}.Release|x64.ActiveCfg = Release|x64
		{F41B410C-E00C-4A41-AA38-692D1BC53134}.Release|x64.Build.0 = Release|x64
		{F41B410C-E00C-4A41-AA38-692D1BC53134}.Release|x86.ActiveCfg = Release|Win32
		{F41B410C-E00C-4A41-AA38-692D1BC53134}.Release|x86.Build.0 = Release|Win32
		{DAF10154-A461-4EA2-9B1B-93DEF0CB90AE}.Debug|x64.ActiveCfg = Debug|x64
		{DAF10154-A461-4EA2-9B1B-93DEF0CB90AE}.Debug|x64.Build.0 = Debug|x64
		{DAF10154-A461-4EA2-9B1B-93DEF0CB90AE}.Debug|x86.ActiveCfg = Debug|Win32
		{DAF10154-A461-4EA2-9B1B-93DEF0CB90AE}.Debug|x86.Build.0 = Debug|Win32
		{DAF10154-A461-4EA2-9B1B-93DEF0CB90AE}.Release|x64.ActiveCfg = Release|x64
		{DAF10154-A461-4EA2-9B1B-93DEF0CB90AE}.Release|x64.Build.0 = Release|x64
		{DAF10154-A461-4EA2-9B1B-93DEF0CB90AE}.Release|x86.ActiveCfg = Release|Win32
		{DAF10154-A461-4EA2-9B1B-93DEF0CB90AE}.Release|x86.Build.0 = Release|Win32
		{D89F944E-6005-42CF-9B27-1E6A1423FA6D}.Debug|x64.ActiveCfg = Debug|x64
		{D89F944E-6005-42CF-9B27-1E6A1423FA6D}.Debug|x64.Build.0 = Debug|x64
		{D89F944E-6005-42CF-9B27-1E6A1423FA6D}.Debug|x86.ActiveCfg = Debug|Win32
		{D89F944E-6005-42CF-9B27-1E6A1423FA6D}.Debug|x86.Build.0 = Debug|Win32
		{D89F944E-6005-42CF-9B27-1E6A1423FA6D}.Release|x64.ActiveCfg = Release|x64
		{D89F944E-6005-42CF-9B27-1E6A1423FA6D}.Release|x64.Build.0 = Release|x64
		{D89F944E-6005-42CF-9B27-1E6A1423FA6D}.Release|x86.ActiveCfg = Release|Win32
		{D89F944E-6005-42CF-9B27-1E6A1423FA6D}.Release|x86.Build.0 = Release|Win32
		{CC12646F-72A9-48D7-93EE-7A123F6DC69F}.Debug|x64.ActiveCfg = Debug|x64
		{CC12646F-72A9-48D7-93EE-7A123F6DC69F}.Debug|x64.Build.0 = Debug|x64
		{CC12646F-72A9-48D7-93EE-7A123F6DC69F}.Debug|x86.ActiveCfg = Debug|Win32
		{CC12646F-72A9-48D7-93EE-7A123F6DC69F}.Debug|x86.Build.0 = Debug|Win32
		{CC12646F-72A9-48D7-93EE-7A123F6DC69F}.Release|x64.ActiveCfg = Release|x64
		{CC12646F-72A9-48D7-93EE-7A123F6DC69F}.Release|x64.Build.0 = Release|x64
		{CC12646F-72A9-48D7-93EE-7A123F6DC69F}.Release|x86.ActiveCfg = Release|Win32
		{CC12646F-72A9-48D7-93EE-7A123F6DC69F}.Release|x86.Build.0 = Release|Win32
		{67583652-F0C2-4E43-B0E4-4F761D1D7791}.Debug|x64.ActiveCfg = Debug|x64
		{67583652-F0C2-4E43-B0E4-4F761D1D7791}.Debug|x64.Build.0 = Debug|x64
		{67583652-F0C2-4E43-B0E4-4F761D1D7791}.Debug|x86.ActiveCfg = Debug|Win32
		{67583652-F0C2-4E43-B0E4-4F761D1D7791}.Debug|x86.Build.0 = Debug|Win32
		{67583652-F0C2-4E43-B0E4-4F761D1D7791}.Release|x64.ActiveCfg = Release|x64
		{67583652-F0C2-4E43-B0E4-4F761D1D7791}.Release|x64.Build.0 = Release|x64
		{67583652-F0C2-4E43-B0E4-4F761D1D7791}.Release|x86.ActiveCfg = Release|Win32
		{67583652-F0C2-4E43-B0E4-4F761D1D7791}.Release|x86.Build.0 = Release|Win32
		{A7CE0AE0-9945-4122-AAE1-6D1F5C0D4EC9}.Debug|x64.ActiveCfg = Debug|x64
		{A7CE0AE0-9945-4122-AAE1-6D1F5C0D4EC9}.Debug|x64.Build.0 = Debug|x64
		{A7CE0AE0-9945-4122-AAE1-6D1F5C0D4EC9}.Debug|x86.ActiveCfg = Debug|Win32
		{A7CE0AE0-9945-4122-AAE1-6D1F5C0D4EC9}.Debug|x86.Build.0 = Debug|Win32
		{A7CE0AE0-9945-4122-AAE1-6D1F5C0D4EC9}.Release|x64.ActiveCfg = Release|x64
		{A7CE0AE0-9945-4122-AAE1-6D1F5C0D4EC9}.Release|x64.Build.0 = Release|x64
		{A7CE0AE0-9945-4122-AAE1-6D1F5C0D4EC9}.Release|x86.ActiveCfg = Release|Win32
		{A7CE0AE0-9945-4122-AAE1-6D1F5C0D4EC9}.Release|x86.Build.0 = Release|Win32
		{39BFA5F5-39C3-4CF4-A138-9CD5304AC2B2}.Debug|x64.ActiveCfg = Debug|x64
		{39BFA5F5-39C3-4CF4-A138-9CD5304AC2B2}.Debug|x64.Build.0 = Debug|x64
		{39BFA5F5-39C3-4CF4-A138-9CD5304AC2B2}.Debug|x86.ActiveCfg = Debug|Win32
		{39BFA5F5-39C3-4CF4-A138-9CD5304AC2B2}.Debug|x86.Build.0 = Debug|Win32
		{39BFA5F5-39C3-4CF4-A138-9CD5304AC2B2}.Release|x64.ActiveCfg = Release|x64
		{39BFA5F5-39C3-4CF4-A138-9CD5304AC2B2}.Release|x64.Build.0 = Release|x64
		{39BFA5F5-39C3-4CF4-A138-9CD5304AC2B2}.Release|x86.ActiveCfg = Release|Win32
		{39BFA5F5-39C3-4CF4-A138-9CD5304AC2B2}.Release|x86.Build.0 = Release|Win32
		{25D1983F-A5C6-4131-A3C2-8C280196F651}.Debug|x64.ActiveCfg = Debug|x64
		{25D1983F-A5C6-4131-A3C2-8C280196F651}.Debug|x64.Build.0 = Debug|x64
		{25D1983F-A5C6-4131-A3C2-8C280196F651}.Debug|x86.ActiveCfg = Debug|Win32
		{25D1983F-A5C6-4131-A3C2-8C280196F651}.Debug|x86.Build.0 = Debug|Win32
		{25D1983F-A5C6-4131-A3C2-8C280196F651}.Release|x64.ActiveCfg = Release|x64
		{25D1983F-A5C6-4131-A3C2-8C280196F651}.Release|x64.Build.0 = Release|x64
		{25D1983F-A5C6-4131-A3C2-8C280196F651}.Release|x86.ActiveCfg = Release|Win32
		{25D1983F-A5C6-4131-A3C2-8C280196F651}.Release|x86.Build.0 = Release|Win32
		{E60F188D-2108-4A22-8EE4-21E9FC448039}.Debug|x64.ActiveCfg = Debug|x64
		{E60F188D-2108-4A22-8EE4-21E9FC448039}.Debug|x64.Build.0 = Debug|x64
		{E60F188D-2108-4A22-8EE4-21E9FC448039}.Debug|x86.ActiveCfg = Debug|Win32
		{E60F188D-2108-4A22-8EE4-21E9FC448039}.Debug|x86.Build.0 = Debug|Win32
		{E60F188D-2108-4A22-8EE4-21E9FC448039}.Release|x64.ActiveCfg = Release|x64
		{E60F188D-2108-4A22-8EE4-21E9FC448039}.Release|x64.Build.0 = Release|x64
		{E60F188D-2108-4A22-8EE4-21E9FC448039}.Release|x86.ActiveCfg = Release|Win32
		{E60F188D-2108-4A22-8EE4-21E9FC448039}.Release|x86.Build.0 = Release|Win32
		{B0862B9A-1BAD-4ECE-A780-63F52E3CEC71}.Debug|x64.ActiveCfg = Debug|x64
		{B0862B9A-1BAD-4ECE-A780-63F52E3CEC71}.Debug|x64.Build.0 = Debug|x64
		{B0862B9A-1BAD-4ECE-A780-63F52E3CEC71}.Debug|x86.ActiveCfg = Debug|Win32
		{B0862B9A-1BAD-4ECE-A780-63F52E3CEC71}.Debug|x86.Build.0 = Debug|Win32
		{B0862B9A-1BAD-4ECE-A780-63F52E3CEC71}.Release|x64.ActiveCfg = Release|x64
		{B0862B9A-1BAD-4ECE-A780-63F52E3CEC71}.Release|x64.Build.0 = Release|x64
		{B0862B9A-1BAD-4ECE-A780-63F52E3CEC71}.Release|x86.ActiveCfg = Release|Win32
		{B0862B9A-1BAD-4ECE-A780-63F52E3CEC71}.Release|x86.Build.0 = Release|Win32
	EndGlobalSection
	GlobalSection(SolutionProperties) = preSolution
		HideSolutionNode = FALSE
	EndGlobalSection
EndGlobal
